// !$*UTF8*$!
{
	archiveVersion = 1;
	classes = {
	};
	objectVersion = 50;
	objects = {

/* Begin PBXBuildFile section */
		C20F40412494003500355F7C /* Beep.mp3 in Resources */ = {isa = PBXBuildFile; fileRef = C20F40402494003500355F7C /* Beep.mp3 */; };
		C20F40432494081400355F7C /* UserData.swift in Sources */ = {isa = PBXBuildFile; fileRef = C20F40422494081400355F7C /* UserData.swift */; };
		C20F40452495548A00355F7C /* TimerSetup.swift in Sources */ = {isa = PBXBuildFile; fileRef = C20F40442495548A00355F7C /* TimerSetup.swift */; };
		C20F40472496B36400355F7C /* Exercises.swift in Sources */ = {isa = PBXBuildFile; fileRef = C20F40462496B36400355F7C /* Exercises.swift */; };
		C20F40492496B44500355F7C /* FileManger-Extension.swift in Sources */ = {isa = PBXBuildFile; fileRef = C20F40482496B44500355F7C /* FileManger-Extension.swift */; };
		C20F404F2499009700355F7C /* EditPopupView.swift in Sources */ = {isa = PBXBuildFile; fileRef = C20F404E2499009700355F7C /* EditPopupView.swift */; };
		C20F4051249908B500355F7C /* ExerciseSetTimeView.swift in Sources */ = {isa = PBXBuildFile; fileRef = C20F4050249908B500355F7C /* ExerciseSetTimeView.swift */; };
		C20F4053249922C900355F7C /* ButtonModifier.swift in Sources */ = {isa = PBXBuildFile; fileRef = C20F4052249922C900355F7C /* ButtonModifier.swift */; };
		C20F405524995F7500355F7C /* ListWorkoutView.swift in Sources */ = {isa = PBXBuildFile; fileRef = C20F405424995F7500355F7C /* ListWorkoutView.swift */; };
		C20F4057249A3F3500355F7C /* Tone.mp3 in Resources */ = {isa = PBXBuildFile; fileRef = C20F4056249A3F3400355F7C /* Tone.mp3 */; };
		C20F407B249AC07200355F7C /* ScheduleView.swift in Sources */ = {isa = PBXBuildFile; fileRef = C20F407A249AC07200355F7C /* ScheduleView.swift */; };
		C20F407D249AC13F00355F7C /* EKEventWrapper.swift in Sources */ = {isa = PBXBuildFile; fileRef = C20F407C249AC13F00355F7C /* EKEventWrapper.swift */; };
		C20F407F249ADDC800355F7C /* DropDownView.swift in Sources */ = {isa = PBXBuildFile; fileRef = C20F407E249ADDC800355F7C /* DropDownView.swift */; };
		C20F4081249D184E00355F7C /* Pew.mp3 in Resources */ = {isa = PBXBuildFile; fileRef = C20F4080249D184E00355F7C /* Pew.mp3 */; };
		C20F4083249D283C00355F7C /* Bell.mp3 in Resources */ = {isa = PBXBuildFile; fileRef = C20F4082249D283C00355F7C /* Bell.mp3 */; };
		C20F4085249D2A3A00355F7C /* Ping.mp3 in Resources */ = {isa = PBXBuildFile; fileRef = C20F4084249D2A3A00355F7C /* Ping.mp3 */; };
		C20F4087249D2B0300355F7C /* Electronic.mp3 in Resources */ = {isa = PBXBuildFile; fileRef = C20F4086249D2B0300355F7C /* Electronic.mp3 */; };
		C2144A65248FD99D00AF7EDA /* Color-Extension.swift in Sources */ = {isa = PBXBuildFile; fileRef = C2144A64248FD99D00AF7EDA /* Color-Extension.swift */; };
		C2144A6924900BF600AF7EDA /* HiddenModifier.swift in Sources */ = {isa = PBXBuildFile; fileRef = C2144A6824900BF600AF7EDA /* HiddenModifier.swift */; };
		C2144A6B249014B800AF7EDA /* SetTimesView.swift in Sources */ = {isa = PBXBuildFile; fileRef = C2144A6A249014B800AF7EDA /* SetTimesView.swift */; };
		C2144A6D249017DF00AF7EDA /* CreateNewView.swift in Sources */ = {isa = PBXBuildFile; fileRef = C2144A6C249017DF00AF7EDA /* CreateNewView.swift */; };
		C2144A7124901A8000AF7EDA /* ExerciseView.swift in Sources */ = {isa = PBXBuildFile; fileRef = C2144A7024901A8000AF7EDA /* ExerciseView.swift */; };
		C2144A7324901E4F00AF7EDA /* RoundCornersModifier.swift in Sources */ = {isa = PBXBuildFile; fileRef = C2144A7224901E4F00AF7EDA /* RoundCornersModifier.swift */; };
		C2144A75249118C400AF7EDA /* EditAndReviewView.swift in Sources */ = {isa = PBXBuildFile; fileRef = C2144A74249118C400AF7EDA /* EditAndReviewView.swift */; };
		C2144A77249138EB00AF7EDA /* MultiSelectScrollView.swift in Sources */ = {isa = PBXBuildFile; fileRef = C2144A76249138EB00AF7EDA /* MultiSelectScrollView.swift */; };
		C2144A7924914B2D00AF7EDA /* NextNavButton.swift in Sources */ = {isa = PBXBuildFile; fileRef = C2144A7824914B2D00AF7EDA /* NextNavButton.swift */; };
		C2144A7B24914C1F00AF7EDA /* PrevNavButton.swift in Sources */ = {isa = PBXBuildFile; fileRef = C2144A7A24914C1F00AF7EDA /* PrevNavButton.swift */; };
		C2144A7D249279E200AF7EDA /* WorkoutDetailView.swift in Sources */ = {isa = PBXBuildFile; fileRef = C2144A7C249279E200AF7EDA /* WorkoutDetailView.swift */; };
		C2144A7F2492D16500AF7EDA /* Ding.mp3 in Resources */ = {isa = PBXBuildFile; fileRef = C2144A7E2492D16500AF7EDA /* Ding.mp3 */; };
		C2144A812492D20500AF7EDA /* Player.swift in Sources */ = {isa = PBXBuildFile; fileRef = C2144A802492D20500AF7EDA /* Player.swift */; };
		C2144A832492DBA400AF7EDA /* Exercise.swift in Sources */ = {isa = PBXBuildFile; fileRef = C2144A822492DBA400AF7EDA /* Exercise.swift */; };
		C2144A852492DE2700AF7EDA /* exercises.json in Resources */ = {isa = PBXBuildFile; fileRef = C2144A842492DE2700AF7EDA /* exercises.json */; };
		C2144A872493B84E00AF7EDA /* Workout.swift in Sources */ = {isa = PBXBuildFile; fileRef = C2144A862493B84E00AF7EDA /* Workout.swift */; };
		C2144A892493B88F00AF7EDA /* ExerciseSet.swift in Sources */ = {isa = PBXBuildFile; fileRef = C2144A882493B88F00AF7EDA /* ExerciseSet.swift */; };
		C2144A8E2493BDE100AF7EDA /* ExerciseDB+CoreDataClass.swift in Sources */ = {isa = PBXBuildFile; fileRef = C2144A8A2493BDE100AF7EDA /* ExerciseDB+CoreDataClass.swift */; };
		C2144A8F2493BDE100AF7EDA /* ExerciseDB+CoreDataProperties.swift in Sources */ = {isa = PBXBuildFile; fileRef = C2144A8B2493BDE100AF7EDA /* ExerciseDB+CoreDataProperties.swift */; };
		C2144A902493BDE100AF7EDA /* WorkoutDB+CoreDataClass.swift in Sources */ = {isa = PBXBuildFile; fileRef = C2144A8C2493BDE100AF7EDA /* WorkoutDB+CoreDataClass.swift */; };
		C2144A912493BDE100AF7EDA /* WorkoutDB+CoreDataProperties.swift in Sources */ = {isa = PBXBuildFile; fileRef = C2144A8D2493BDE100AF7EDA /* WorkoutDB+CoreDataProperties.swift */; };
		C2144A932493CB2400AF7EDA /* workout.json in Resources */ = {isa = PBXBuildFile; fileRef = C2144A922493CB2400AF7EDA /* workout.json */; };
		C2144A952493CBA600AF7EDA /* exerciseSet.json in Resources */ = {isa = PBXBuildFile; fileRef = C2144A942493CBA600AF7EDA /* exerciseSet.json */; };
		C24A4197248A9EBC00B93834 /* AppDelegate.swift in Sources */ = {isa = PBXBuildFile; fileRef = C24A4196248A9EBC00B93834 /* AppDelegate.swift */; };
		C24A4199248A9EBD00B93834 /* SceneDelegate.swift in Sources */ = {isa = PBXBuildFile; fileRef = C24A4198248A9EBD00B93834 /* SceneDelegate.swift */; };
		C24A419C248A9EBD00B93834 /* WorkOut.xcdatamodeld in Sources */ = {isa = PBXBuildFile; fileRef = C24A419A248A9EBD00B93834 /* WorkOut.xcdatamodeld */; };
		C24A419E248A9EBD00B93834 /* ContentView.swift in Sources */ = {isa = PBXBuildFile; fileRef = C24A419D248A9EBD00B93834 /* ContentView.swift */; };
		C24A41A0248A9EBF00B93834 /* Assets.xcassets in Resources */ = {isa = PBXBuildFile; fileRef = C24A419F248A9EBF00B93834 /* Assets.xcassets */; };
		C24A41A3248A9EBF00B93834 /* Preview Assets.xcassets in Resources */ = {isa = PBXBuildFile; fileRef = C24A41A2248A9EBF00B93834 /* Preview Assets.xcassets */; };
		C24A41A6248A9EBF00B93834 /* LaunchScreen.storyboard in Resources */ = {isa = PBXBuildFile; fileRef = C24A41A4248A9EBF00B93834 /* LaunchScreen.storyboard */; };
		C24A41AE248A9F2D00B93834 /* SettingsView.swift in Sources */ = {isa = PBXBuildFile; fileRef = C24A41AD248A9F2D00B93834 /* SettingsView.swift */; };
		C24A41B0248AAEA100B93834 /* TimePickerView.swift in Sources */ = {isa = PBXBuildFile; fileRef = C24A41AF248AAEA100B93834 /* TimePickerView.swift */; };
		C24A41B2248AD01E00B93834 /* SelectedCellView.swift in Sources */ = {isa = PBXBuildFile; fileRef = C24A41B1248AD01E00B93834 /* SelectedCellView.swift */; };
		C24A41B4248AD67800B93834 /* TimerView.swift in Sources */ = {isa = PBXBuildFile; fileRef = C24A41B3248AD67800B93834 /* TimerView.swift */; };
		C24A41B6248AD6DF00B93834 /* ProgressBarView.swift in Sources */ = {isa = PBXBuildFile; fileRef = C24A41B5248AD6DF00B93834 /* ProgressBarView.swift */; };
		C24A41C0248E657800B93834 /* CircularProgressBar.swift in Sources */ = {isa = PBXBuildFile; fileRef = C24A41BF248E657800B93834 /* CircularProgressBar.swift */; };
		C24A41C2248E701F00B93834 /* WorkoutView.swift in Sources */ = {isa = PBXBuildFile; fileRef = C24A41C1248E701F00B93834 /* WorkoutView.swift */; };
		C24A41C6248E7B4400B93834 /* MultiSelectedCellView.swift in Sources */ = {isa = PBXBuildFile; fileRef = C24A41C5248E7B4400B93834 /* MultiSelectedCellView.swift */; };
/* End PBXBuildFile section */

/* Begin PBXFileReference section */
		C20F40402494003500355F7C /* Beep.mp3 */ = {isa = PBXFileReference; lastKnownFileType = audio.mp3; path = Beep.mp3; sourceTree = "<group>"; };
		C20F40422494081400355F7C /* UserData.swift */ = {isa = PBXFileReference; lastKnownFileType = sourcecode.swift; path = UserData.swift; sourceTree = "<group>"; };
		C20F40442495548A00355F7C /* TimerSetup.swift */ = {isa = PBXFileReference; lastKnownFileType = sourcecode.swift; path = TimerSetup.swift; sourceTree = "<group>"; };
		C20F40462496B36400355F7C /* Exercises.swift */ = {isa = PBXFileReference; lastKnownFileType = sourcecode.swift; path = Exercises.swift; sourceTree = "<group>"; };
		C20F40482496B44500355F7C /* FileManger-Extension.swift */ = {isa = PBXFileReference; lastKnownFileType = sourcecode.swift; path = "FileManger-Extension.swift"; sourceTree = "<group>"; };
		C20F404E2499009700355F7C /* EditPopupView.swift */ = {isa = PBXFileReference; lastKnownFileType = sourcecode.swift; path = EditPopupView.swift; sourceTree = "<group>"; };
		C20F4050249908B500355F7C /* ExerciseSetTimeView.swift */ = {isa = PBXFileReference; lastKnownFileType = sourcecode.swift; path = ExerciseSetTimeView.swift; sourceTree = "<group>"; };
		C20F4052249922C900355F7C /* ButtonModifier.swift */ = {isa = PBXFileReference; lastKnownFileType = sourcecode.swift; path = ButtonModifier.swift; sourceTree = "<group>"; };
		C20F405424995F7500355F7C /* ListWorkoutView.swift */ = {isa = PBXFileReference; lastKnownFileType = sourcecode.swift; path = ListWorkoutView.swift; sourceTree = "<group>"; };
		C20F4056249A3F3400355F7C /* Tone.mp3 */ = {isa = PBXFileReference; lastKnownFileType = audio.mp3; path = Tone.mp3; sourceTree = "<group>"; };
		C20F407A249AC07200355F7C /* ScheduleView.swift */ = {isa = PBXFileReference; lastKnownFileType = sourcecode.swift; path = ScheduleView.swift; sourceTree = "<group>"; };
		C20F407C249AC13F00355F7C /* EKEventWrapper.swift */ = {isa = PBXFileReference; lastKnownFileType = sourcecode.swift; path = EKEventWrapper.swift; sourceTree = "<group>"; };
		C20F407E249ADDC800355F7C /* DropDownView.swift */ = {isa = PBXFileReference; lastKnownFileType = sourcecode.swift; path = DropDownView.swift; sourceTree = "<group>"; };
		C20F4080249D184E00355F7C /* Pew.mp3 */ = {isa = PBXFileReference; lastKnownFileType = audio.mp3; path = Pew.mp3; sourceTree = "<group>"; };
		C20F4082249D283C00355F7C /* Bell.mp3 */ = {isa = PBXFileReference; lastKnownFileType = audio.mp3; path = Bell.mp3; sourceTree = "<group>"; };
		C20F4084249D2A3A00355F7C /* Ping.mp3 */ = {isa = PBXFileReference; lastKnownFileType = audio.mp3; path = Ping.mp3; sourceTree = "<group>"; };
		C20F4086249D2B0300355F7C /* Electronic.mp3 */ = {isa = PBXFileReference; lastKnownFileType = audio.mp3; path = Electronic.mp3; sourceTree = "<group>"; };
		C2144A64248FD99D00AF7EDA /* Color-Extension.swift */ = {isa = PBXFileReference; lastKnownFileType = sourcecode.swift; path = "Color-Extension.swift"; sourceTree = "<group>"; };
		C2144A6824900BF600AF7EDA /* HiddenModifier.swift */ = {isa = PBXFileReference; lastKnownFileType = sourcecode.swift; path = HiddenModifier.swift; sourceTree = "<group>"; };
		C2144A6A249014B800AF7EDA /* SetTimesView.swift */ = {isa = PBXFileReference; lastKnownFileType = sourcecode.swift; path = SetTimesView.swift; sourceTree = "<group>"; };
		C2144A6C249017DF00AF7EDA /* CreateNewView.swift */ = {isa = PBXFileReference; lastKnownFileType = sourcecode.swift; path = CreateNewView.swift; sourceTree = "<group>"; };
		C2144A7024901A8000AF7EDA /* ExerciseView.swift */ = {isa = PBXFileReference; lastKnownFileType = sourcecode.swift; path = ExerciseView.swift; sourceTree = "<group>"; };
		C2144A7224901E4F00AF7EDA /* RoundCornersModifier.swift */ = {isa = PBXFileReference; lastKnownFileType = sourcecode.swift; path = RoundCornersModifier.swift; sourceTree = "<group>"; };
		C2144A74249118C400AF7EDA /* EditAndReviewView.swift */ = {isa = PBXFileReference; lastKnownFileType = sourcecode.swift; path = EditAndReviewView.swift; sourceTree = "<group>"; };
		C2144A76249138EB00AF7EDA /* MultiSelectScrollView.swift */ = {isa = PBXFileReference; lastKnownFileType = sourcecode.swift; path = MultiSelectScrollView.swift; sourceTree = "<group>"; };
		C2144A7824914B2D00AF7EDA /* NextNavButton.swift */ = {isa = PBXFileReference; lastKnownFileType = sourcecode.swift; path = NextNavButton.swift; sourceTree = "<group>"; };
		C2144A7A24914C1F00AF7EDA /* PrevNavButton.swift */ = {isa = PBXFileReference; lastKnownFileType = sourcecode.swift; path = PrevNavButton.swift; sourceTree = "<group>"; };
		C2144A7C249279E200AF7EDA /* WorkoutDetailView.swift */ = {isa = PBXFileReference; lastKnownFileType = sourcecode.swift; path = WorkoutDetailView.swift; sourceTree = "<group>"; };
		C2144A7E2492D16500AF7EDA /* Ding.mp3 */ = {isa = PBXFileReference; lastKnownFileType = audio.mp3; path = Ding.mp3; sourceTree = "<group>"; };
		C2144A802492D20500AF7EDA /* Player.swift */ = {isa = PBXFileReference; lastKnownFileType = sourcecode.swift; path = Player.swift; sourceTree = "<group>"; };
		C2144A822492DBA400AF7EDA /* Exercise.swift */ = {isa = PBXFileReference; lastKnownFileType = sourcecode.swift; path = Exercise.swift; sourceTree = "<group>"; };
		C2144A842492DE2700AF7EDA /* exercises.json */ = {isa = PBXFileReference; lastKnownFileType = text.json; path = exercises.json; sourceTree = "<group>"; };
		C2144A862493B84E00AF7EDA /* Workout.swift */ = {isa = PBXFileReference; lastKnownFileType = sourcecode.swift; path = Workout.swift; sourceTree = "<group>"; };
		C2144A882493B88F00AF7EDA /* ExerciseSet.swift */ = {isa = PBXFileReference; lastKnownFileType = sourcecode.swift; path = ExerciseSet.swift; sourceTree = "<group>"; };
		C2144A8A2493BDE100AF7EDA /* ExerciseDB+CoreDataClass.swift */ = {isa = PBXFileReference; lastKnownFileType = sourcecode.swift; path = "ExerciseDB+CoreDataClass.swift"; sourceTree = "<group>"; };
		C2144A8B2493BDE100AF7EDA /* ExerciseDB+CoreDataProperties.swift */ = {isa = PBXFileReference; lastKnownFileType = sourcecode.swift; path = "ExerciseDB+CoreDataProperties.swift"; sourceTree = "<group>"; };
		C2144A8C2493BDE100AF7EDA /* WorkoutDB+CoreDataClass.swift */ = {isa = PBXFileReference; lastKnownFileType = sourcecode.swift; path = "WorkoutDB+CoreDataClass.swift"; sourceTree = "<group>"; };
		C2144A8D2493BDE100AF7EDA /* WorkoutDB+CoreDataProperties.swift */ = {isa = PBXFileReference; lastKnownFileType = sourcecode.swift; path = "WorkoutDB+CoreDataProperties.swift"; sourceTree = "<group>"; };
		C2144A922493CB2400AF7EDA /* workout.json */ = {isa = PBXFileReference; lastKnownFileType = text.json; path = workout.json; sourceTree = "<group>"; };
		C2144A942493CBA600AF7EDA /* exerciseSet.json */ = {isa = PBXFileReference; lastKnownFileType = text.json; path = exerciseSet.json; sourceTree = "<group>"; };
		C24A4193248A9EBC00B93834 /* WorkOut.app */ = {isa = PBXFileReference; explicitFileType = wrapper.application; includeInIndex = 0; path = WorkOut.app; sourceTree = BUILT_PRODUCTS_DIR; };
		C24A4196248A9EBC00B93834 /* AppDelegate.swift */ = {isa = PBXFileReference; lastKnownFileType = sourcecode.swift; path = AppDelegate.swift; sourceTree = "<group>"; };
		C24A4198248A9EBD00B93834 /* SceneDelegate.swift */ = {isa = PBXFileReference; lastKnownFileType = sourcecode.swift; path = SceneDelegate.swift; sourceTree = "<group>"; };
		C24A419B248A9EBD00B93834 /* WorkOut.xcdatamodel */ = {isa = PBXFileReference; lastKnownFileType = wrapper.xcdatamodel; path = WorkOut.xcdatamodel; sourceTree = "<group>"; };
		C24A419D248A9EBD00B93834 /* ContentView.swift */ = {isa = PBXFileReference; lastKnownFileType = sourcecode.swift; path = ContentView.swift; sourceTree = "<group>"; };
		C24A419F248A9EBF00B93834 /* Assets.xcassets */ = {isa = PBXFileReference; lastKnownFileType = folder.assetcatalog; path = Assets.xcassets; sourceTree = "<group>"; };
		C24A41A2248A9EBF00B93834 /* Preview Assets.xcassets */ = {isa = PBXFileReference; lastKnownFileType = folder.assetcatalog; path = "Preview Assets.xcassets"; sourceTree = "<group>"; };
		C24A41A5248A9EBF00B93834 /* Base */ = {isa = PBXFileReference; lastKnownFileType = file.storyboard; name = Base; path = Base.lproj/LaunchScreen.storyboard; sourceTree = "<group>"; };
		C24A41A7248A9EBF00B93834 /* Info.plist */ = {isa = PBXFileReference; lastKnownFileType = text.plist.xml; path = Info.plist; sourceTree = "<group>"; };
		C24A41AD248A9F2D00B93834 /* SettingsView.swift */ = {isa = PBXFileReference; lastKnownFileType = sourcecode.swift; path = SettingsView.swift; sourceTree = "<group>"; };
		C24A41AF248AAEA100B93834 /* TimePickerView.swift */ = {isa = PBXFileReference; lastKnownFileType = sourcecode.swift; path = TimePickerView.swift; sourceTree = "<group>"; };
		C24A41B1248AD01E00B93834 /* SelectedCellView.swift */ = {isa = PBXFileReference; lastKnownFileType = sourcecode.swift; path = SelectedCellView.swift; sourceTree = "<group>"; };
		C24A41B3248AD67800B93834 /* TimerView.swift */ = {isa = PBXFileReference; lastKnownFileType = sourcecode.swift; path = TimerView.swift; sourceTree = "<group>"; };
		C24A41B5248AD6DF00B93834 /* ProgressBarView.swift */ = {isa = PBXFileReference; lastKnownFileType = sourcecode.swift; path = ProgressBarView.swift; sourceTree = "<group>"; };
		C24A41BF248E657800B93834 /* CircularProgressBar.swift */ = {isa = PBXFileReference; lastKnownFileType = sourcecode.swift; path = CircularProgressBar.swift; sourceTree = "<group>"; };
		C24A41C1248E701F00B93834 /* WorkoutView.swift */ = {isa = PBXFileReference; lastKnownFileType = sourcecode.swift; path = WorkoutView.swift; sourceTree = "<group>"; };
		C24A41C5248E7B4400B93834 /* MultiSelectedCellView.swift */ = {isa = PBXFileReference; lastKnownFileType = sourcecode.swift; path = MultiSelectedCellView.swift; sourceTree = "<group>"; };
/* End PBXFileReference section */

/* Begin PBXFrameworksBuildPhase section */
		C24A4190248A9EBC00B93834 /* Frameworks */ = {
			isa = PBXFrameworksBuildPhase;
			buildActionMask = 2147483647;
			files = (
			);
			runOnlyForDeploymentPostprocessing = 0;
		};
/* End PBXFrameworksBuildPhase section */

/* Begin PBXGroup section */
		C20F403C2493FD2A00355F7C /* Extensions */ = {
			isa = PBXGroup;
			children = (
				C2144A64248FD99D00AF7EDA /* Color-Extension.swift */,
				C20F40482496B44500355F7C /* FileManger-Extension.swift */,
			);
			path = Extensions;
			sourceTree = "<group>";
		};
		C20F403D2493FD3900355F7C /* Models */ = {
			isa = PBXGroup;
			children = (
				C2144A8A2493BDE100AF7EDA /* ExerciseDB+CoreDataClass.swift */,
				C2144A8B2493BDE100AF7EDA /* ExerciseDB+CoreDataProperties.swift */,
				C2144A8C2493BDE100AF7EDA /* WorkoutDB+CoreDataClass.swift */,
				C2144A8D2493BDE100AF7EDA /* WorkoutDB+CoreDataProperties.swift */,
				C2144A822492DBA400AF7EDA /* Exercise.swift */,
				C20F40462496B36400355F7C /* Exercises.swift */,
				C2144A862493B84E00AF7EDA /* Workout.swift */,
				C2144A882493B88F00AF7EDA /* ExerciseSet.swift */,
				C20F40422494081400355F7C /* UserData.swift */,
			);
			path = Models;
			sourceTree = "<group>";
		};
		C20F403F2494001700355F7C /* Sounds */ = {
			isa = PBXGroup;
			children = (
				C2144A7E2492D16500AF7EDA /* Ding.mp3 */,
				C20F4082249D283C00355F7C /* Bell.mp3 */,
				C20F4086249D2B0300355F7C /* Electronic.mp3 */,
				C20F4080249D184E00355F7C /* Pew.mp3 */,
				C20F4084249D2A3A00355F7C /* Ping.mp3 */,
				C20F4056249A3F3400355F7C /* Tone.mp3 */,
				C20F40402494003500355F7C /* Beep.mp3 */,
			);
			path = Sounds;
			sourceTree = "<group>";
		};
		C24A418A248A9EBC00B93834 = {
			isa = PBXGroup;
			children = (
				C24A4195248A9EBC00B93834 /* WorkOut */,
				C24A4194248A9EBC00B93834 /* Products */,
			);
			sourceTree = "<group>";
		};
		C24A4194248A9EBC00B93834 /* Products */ = {
			isa = PBXGroup;
			children = (
				C24A4193248A9EBC00B93834 /* WorkOut.app */,
			);
			name = Products;
			sourceTree = "<group>";
		};
		C24A4195248A9EBC00B93834 /* WorkOut */ = {
			isa = PBXGroup;
			children = (
				C20F403D2493FD3900355F7C /* Models */,
				C20F403F2494001700355F7C /* Sounds */,
				C20F403C2493FD2A00355F7C /* Extensions */,
				C2144A842492DE2700AF7EDA /* exercises.json */,
				C2144A922493CB2400AF7EDA /* workout.json */,
				C2144A942493CBA600AF7EDA /* exerciseSet.json */,
				C24A4196248A9EBC00B93834 /* AppDelegate.swift */,
				C24A4198248A9EBD00B93834 /* SceneDelegate.swift */,
				C24A419D248A9EBD00B93834 /* ContentView.swift */,
				C24A41C1248E701F00B93834 /* WorkoutView.swift */,
				C2144A7C249279E200AF7EDA /* WorkoutDetailView.swift */,
				C2144A6C249017DF00AF7EDA /* CreateNewView.swift */,
				C2144A7024901A8000AF7EDA /* ExerciseView.swift */,
				C2144A6A249014B800AF7EDA /* SetTimesView.swift */,
				C20F4050249908B500355F7C /* ExerciseSetTimeView.swift */,
				C2144A74249118C400AF7EDA /* EditAndReviewView.swift */,
				C20F404E2499009700355F7C /* EditPopupView.swift */,
				C20F405424995F7500355F7C /* ListWorkoutView.swift */,
				C24A41AD248A9F2D00B93834 /* SettingsView.swift */,
				C20F407A249AC07200355F7C /* ScheduleView.swift */,
				C20F407C249AC13F00355F7C /* EKEventWrapper.swift */,
				C24A41AF248AAEA100B93834 /* TimePickerView.swift */,
				C24A41B1248AD01E00B93834 /* SelectedCellView.swift */,
				C24A41C5248E7B4400B93834 /* MultiSelectedCellView.swift */,
				C2144A76249138EB00AF7EDA /* MultiSelectScrollView.swift */,
				C20F407E249ADDC800355F7C /* DropDownView.swift */,
				C24A41B3248AD67800B93834 /* TimerView.swift */,
				C20F40442495548A00355F7C /* TimerSetup.swift */,
				C2144A802492D20500AF7EDA /* Player.swift */,
				C24A41B5248AD6DF00B93834 /* ProgressBarView.swift */,
				C24A41BF248E657800B93834 /* CircularProgressBar.swift */,
				C2144A6824900BF600AF7EDA /* HiddenModifier.swift */,
				C20F4052249922C900355F7C /* ButtonModifier.swift */,
				C2144A7224901E4F00AF7EDA /* RoundCornersModifier.swift */,
				C2144A7824914B2D00AF7EDA /* NextNavButton.swift */,
				C2144A7A24914C1F00AF7EDA /* PrevNavButton.swift */,
				C24A419F248A9EBF00B93834 /* Assets.xcassets */,
				C24A41A4248A9EBF00B93834 /* LaunchScreen.storyboard */,
				C24A41A7248A9EBF00B93834 /* Info.plist */,
				C24A419A248A9EBD00B93834 /* WorkOut.xcdatamodeld */,
				C24A41A1248A9EBF00B93834 /* Preview Content */,
			);
			path = WorkOut;
			sourceTree = "<group>";
		};
		C24A41A1248A9EBF00B93834 /* Preview Content */ = {
			isa = PBXGroup;
			children = (
				C24A41A2248A9EBF00B93834 /* Preview Assets.xcassets */,
			);
			path = "Preview Content";
			sourceTree = "<group>";
		};
/* End PBXGroup section */

/* Begin PBXNativeTarget section */
		C24A4192248A9EBC00B93834 /* WorkOut */ = {
			isa = PBXNativeTarget;
			buildConfigurationList = C24A41AA248A9EBF00B93834 /* Build configuration list for PBXNativeTarget "WorkOut" */;
			buildPhases = (
				C24A418F248A9EBC00B93834 /* Sources */,
				C24A4190248A9EBC00B93834 /* Frameworks */,
				C24A4191248A9EBC00B93834 /* Resources */,
			);
			buildRules = (
			);
			dependencies = (
			);
			name = WorkOut;
			productName = WorkOut;
			productReference = C24A4193248A9EBC00B93834 /* WorkOut.app */;
			productType = "com.apple.product-type.application";
		};
/* End PBXNativeTarget section */

/* Begin PBXProject section */
		C24A418B248A9EBC00B93834 /* Project object */ = {
			isa = PBXProject;
			attributes = {
				LastSwiftUpdateCheck = 1140;
				LastUpgradeCheck = 1140;
				ORGANIZATIONNAME = "Vanessa Bergen";
				TargetAttributes = {
					C24A4192248A9EBC00B93834 = {
						CreatedOnToolsVersion = 11.4.1;
					};
				};
			};
			buildConfigurationList = C24A418E248A9EBC00B93834 /* Build configuration list for PBXProject "WorkOut" */;
			compatibilityVersion = "Xcode 9.3";
			developmentRegion = en;
			hasScannedForEncodings = 0;
			knownRegions = (
				en,
				Base,
			);
			mainGroup = C24A418A248A9EBC00B93834;
			productRefGroup = C24A4194248A9EBC00B93834 /* Products */;
			projectDirPath = "";
			projectRoot = "";
			targets = (
				C24A4192248A9EBC00B93834 /* WorkOut */,
			);
		};
/* End PBXProject section */

/* Begin PBXResourcesBuildPhase section */
		C24A4191248A9EBC00B93834 /* Resources */ = {
			isa = PBXResourcesBuildPhase;
			buildActionMask = 2147483647;
			files = (
				C20F4087249D2B0300355F7C /* Electronic.mp3 in Resources */,
				C2144A852492DE2700AF7EDA /* exercises.json in Resources */,
				C2144A7F2492D16500AF7EDA /* Ding.mp3 in Resources */,
				C20F4083249D283C00355F7C /* Bell.mp3 in Resources */,
				C20F4057249A3F3500355F7C /* Tone.mp3 in Resources */,
				C20F4085249D2A3A00355F7C /* Ping.mp3 in Resources */,
				C24A41A6248A9EBF00B93834 /* LaunchScreen.storyboard in Resources */,
				C2144A932493CB2400AF7EDA /* workout.json in Resources */,
				C20F4081249D184E00355F7C /* Pew.mp3 in Resources */,
				C24A41A3248A9EBF00B93834 /* Preview Assets.xcassets in Resources */,
				C20F40412494003500355F7C /* Beep.mp3 in Resources */,
				C2144A952493CBA600AF7EDA /* exerciseSet.json in Resources */,
				C24A41A0248A9EBF00B93834 /* Assets.xcassets in Resources */,
			);
			runOnlyForDeploymentPostprocessing = 0;
		};
/* End PBXResourcesBuildPhase section */

/* Begin PBXSourcesBuildPhase section */
		C24A418F248A9EBC00B93834 /* Sources */ = {
			isa = PBXSourcesBuildPhase;
			buildActionMask = 2147483647;
			files = (
				C2144A75249118C400AF7EDA /* EditAndReviewView.swift in Sources */,
				C20F407D249AC13F00355F7C /* EKEventWrapper.swift in Sources */,
				C24A41B2248AD01E00B93834 /* SelectedCellView.swift in Sources */,
				C20F40432494081400355F7C /* UserData.swift in Sources */,
				C20F40472496B36400355F7C /* Exercises.swift in Sources */,
				C2144A7924914B2D00AF7EDA /* NextNavButton.swift in Sources */,
				C20F407B249AC07200355F7C /* ScheduleView.swift in Sources */,
				C2144A902493BDE100AF7EDA /* WorkoutDB+CoreDataClass.swift in Sources */,
				C20F4053249922C900355F7C /* ButtonModifier.swift in Sources */,
				C2144A7124901A8000AF7EDA /* ExerciseView.swift in Sources */,
				C2144A832492DBA400AF7EDA /* Exercise.swift in Sources */,
				C2144A7D249279E200AF7EDA /* WorkoutDetailView.swift in Sources */,
				C24A41B6248AD6DF00B93834 /* ProgressBarView.swift in Sources */,
				C2144A912493BDE100AF7EDA /* WorkoutDB+CoreDataProperties.swift in Sources */,
				C20F404F2499009700355F7C /* EditPopupView.swift in Sources */,
				C24A41AE248A9F2D00B93834 /* SettingsView.swift in Sources */,
				C20F40452495548A00355F7C /* TimerSetup.swift in Sources */,
				C20F407F249ADDC800355F7C /* DropDownView.swift in Sources */,
				C24A41C2248E701F00B93834 /* WorkoutView.swift in Sources */,
				C24A41B0248AAEA100B93834 /* TimePickerView.swift in Sources */,
				C24A419C248A9EBD00B93834 /* WorkOut.xcdatamodeld in Sources */,
				C20F4051249908B500355F7C /* ExerciseSetTimeView.swift in Sources */,
				C2144A65248FD99D00AF7EDA /* Color-Extension.swift in Sources */,
				C20F40492496B44500355F7C /* FileManger-Extension.swift in Sources */,
				C24A41C6248E7B4400B93834 /* MultiSelectedCellView.swift in Sources */,
				C24A4197248A9EBC00B93834 /* AppDelegate.swift in Sources */,
				C2144A892493B88F00AF7EDA /* ExerciseSet.swift in Sources */,
				C2144A77249138EB00AF7EDA /* MultiSelectScrollView.swift in Sources */,
				C2144A6924900BF600AF7EDA /* HiddenModifier.swift in Sources */,
				C2144A8E2493BDE100AF7EDA /* ExerciseDB+CoreDataClass.swift in Sources */,
				C2144A872493B84E00AF7EDA /* Workout.swift in Sources */,
				C24A419E248A9EBD00B93834 /* ContentView.swift in Sources */,
				C24A41B4248AD67800B93834 /* TimerView.swift in Sources */,
				C2144A6B249014B800AF7EDA /* SetTimesView.swift in Sources */,
				C2144A812492D20500AF7EDA /* Player.swift in Sources */,
				C24A41C0248E657800B93834 /* CircularProgressBar.swift in Sources */,
				C20F405524995F7500355F7C /* ListWorkoutView.swift in Sources */,
				C24A4199248A9EBD00B93834 /* SceneDelegate.swift in Sources */,
				C2144A8F2493BDE100AF7EDA /* ExerciseDB+CoreDataProperties.swift in Sources */,
				C2144A7324901E4F00AF7EDA /* RoundCornersModifier.swift in Sources */,
				C2144A7B24914C1F00AF7EDA /* PrevNavButton.swift in Sources */,
				C2144A6D249017DF00AF7EDA /* CreateNewView.swift in Sources */,
			);
			runOnlyForDeploymentPostprocessing = 0;
		};
/* End PBXSourcesBuildPhase section */

/* Begin PBXVariantGroup section */
		C24A41A4248A9EBF00B93834 /* LaunchScreen.storyboard */ = {
			isa = PBXVariantGroup;
			children = (
				C24A41A5248A9EBF00B93834 /* Base */,
			);
			name = LaunchScreen.storyboard;
			sourceTree = "<group>";
		};
/* End PBXVariantGroup section */

/* Begin XCBuildConfiguration section */
		C24A41A8248A9EBF00B93834 /* Debug */ = {
			isa = XCBuildConfiguration;
			buildSettings = {
				ALWAYS_SEARCH_USER_PATHS = NO;
				CLANG_ANALYZER_NONNULL = YES;
				CLANG_ANALYZER_NUMBER_OBJECT_CONVERSION = YES_AGGRESSIVE;
				CLANG_CXX_LANGUAGE_STANDARD = "gnu++14";
				CLANG_CXX_LIBRARY = "libc++";
				CLANG_ENABLE_MODULES = YES;
				CLANG_ENABLE_OBJC_ARC = YES;
				CLANG_ENABLE_OBJC_WEAK = YES;
				CLANG_WARN_BLOCK_CAPTURE_AUTORELEASING = YES;
				CLANG_WARN_BOOL_CONVERSION = YES;
				CLANG_WARN_COMMA = YES;
				CLANG_WARN_CONSTANT_CONVERSION = YES;
				CLANG_WARN_DEPRECATED_OBJC_IMPLEMENTATIONS = YES;
				CLANG_WARN_DIRECT_OBJC_ISA_USAGE = YES_ERROR;
				CLANG_WARN_DOCUMENTATION_COMMENTS = YES;
				CLANG_WARN_EMPTY_BODY = YES;
				CLANG_WARN_ENUM_CONVERSION = YES;
				CLANG_WARN_INFINITE_RECURSION = YES;
				CLANG_WARN_INT_CONVERSION = YES;
				CLANG_WARN_NON_LITERAL_NULL_CONVERSION = YES;
				CLANG_WARN_OBJC_IMPLICIT_RETAIN_SELF = YES;
				CLANG_WARN_OBJC_LITERAL_CONVERSION = YES;
				CLANG_WARN_OBJC_ROOT_CLASS = YES_ERROR;
				CLANG_WARN_RANGE_LOOP_ANALYSIS = YES;
				CLANG_WARN_STRICT_PROTOTYPES = YES;
				CLANG_WARN_SUSPICIOUS_MOVE = YES;
				CLANG_WARN_UNGUARDED_AVAILABILITY = YES_AGGRESSIVE;
				CLANG_WARN_UNREACHABLE_CODE = YES;
				CLANG_WARN__DUPLICATE_METHOD_MATCH = YES;
				COPY_PHASE_STRIP = NO;
				DEBUG_INFORMATION_FORMAT = dwarf;
				ENABLE_STRICT_OBJC_MSGSEND = YES;
				ENABLE_TESTABILITY = YES;
				GCC_C_LANGUAGE_STANDARD = gnu11;
				GCC_DYNAMIC_NO_PIC = NO;
				GCC_NO_COMMON_BLOCKS = YES;
				GCC_OPTIMIZATION_LEVEL = 0;
				GCC_PREPROCESSOR_DEFINITIONS = (
					"DEBUG=1",
					"$(inherited)",
				);
				GCC_WARN_64_TO_32_BIT_CONVERSION = YES;
				GCC_WARN_ABOUT_RETURN_TYPE = YES_ERROR;
				GCC_WARN_UNDECLARED_SELECTOR = YES;
				GCC_WARN_UNINITIALIZED_AUTOS = YES_AGGRESSIVE;
				GCC_WARN_UNUSED_FUNCTION = YES;
				GCC_WARN_UNUSED_VARIABLE = YES;
				IPHONEOS_DEPLOYMENT_TARGET = 13.4;
				MTL_ENABLE_DEBUG_INFO = INCLUDE_SOURCE;
				MTL_FAST_MATH = YES;
				ONLY_ACTIVE_ARCH = YES;
				SDKROOT = iphoneos;
				SWIFT_ACTIVE_COMPILATION_CONDITIONS = DEBUG;
				SWIFT_OPTIMIZATION_LEVEL = "-Onone";
			};
			name = Debug;
		};
		C24A41A9248A9EBF00B93834 /* Release */ = {
			isa = XCBuildConfiguration;
			buildSettings = {
				ALWAYS_SEARCH_USER_PATHS = NO;
				CLANG_ANALYZER_NONNULL = YES;
				CLANG_ANALYZER_NUMBER_OBJECT_CONVERSION = YES_AGGRESSIVE;
				CLANG_CXX_LANGUAGE_STANDARD = "gnu++14";
				CLANG_CXX_LIBRARY = "libc++";
				CLANG_ENABLE_MODULES = YES;
				CLANG_ENABLE_OBJC_ARC = YES;
				CLANG_ENABLE_OBJC_WEAK = YES;
				CLANG_WARN_BLOCK_CAPTURE_AUTORELEASING = YES;
				CLANG_WARN_BOOL_CONVERSION = YES;
				CLANG_WARN_COMMA = YES;
				CLANG_WARN_CONSTANT_CONVERSION = YES;
				CLANG_WARN_DEPRECATED_OBJC_IMPLEMENTATIONS = YES;
				CLANG_WARN_DIRECT_OBJC_ISA_USAGE = YES_ERROR;
				CLANG_WARN_DOCUMENTATION_COMMENTS = YES;
				CLANG_WARN_EMPTY_BODY = YES;
				CLANG_WARN_ENUM_CONVERSION = YES;
				CLANG_WARN_INFINITE_RECURSION = YES;
				CLANG_WARN_INT_CONVERSION = YES;
				CLANG_WARN_NON_LITERAL_NULL_CONVERSION = YES;
				CLANG_WARN_OBJC_IMPLICIT_RETAIN_SELF = YES;
				CLANG_WARN_OBJC_LITERAL_CONVERSION = YES;
				CLANG_WARN_OBJC_ROOT_CLASS = YES_ERROR;
				CLANG_WARN_RANGE_LOOP_ANALYSIS = YES;
				CLANG_WARN_STRICT_PROTOTYPES = YES;
				CLANG_WARN_SUSPICIOUS_MOVE = YES;
				CLANG_WARN_UNGUARDED_AVAILABILITY = YES_AGGRESSIVE;
				CLANG_WARN_UNREACHABLE_CODE = YES;
				CLANG_WARN__DUPLICATE_METHOD_MATCH = YES;
				COPY_PHASE_STRIP = NO;
				DEBUG_INFORMATION_FORMAT = "dwarf-with-dsym";
				ENABLE_NS_ASSERTIONS = NO;
				ENABLE_STRICT_OBJC_MSGSEND = YES;
				GCC_C_LANGUAGE_STANDARD = gnu11;
				GCC_NO_COMMON_BLOCKS = YES;
				GCC_WARN_64_TO_32_BIT_CONVERSION = YES;
				GCC_WARN_ABOUT_RETURN_TYPE = YES_ERROR;
				GCC_WARN_UNDECLARED_SELECTOR = YES;
				GCC_WARN_UNINITIALIZED_AUTOS = YES_AGGRESSIVE;
				GCC_WARN_UNUSED_FUNCTION = YES;
				GCC_WARN_UNUSED_VARIABLE = YES;
				IPHONEOS_DEPLOYMENT_TARGET = 13.4;
				MTL_ENABLE_DEBUG_INFO = NO;
				MTL_FAST_MATH = YES;
				SDKROOT = iphoneos;
				SWIFT_COMPILATION_MODE = wholemodule;
				SWIFT_OPTIMIZATION_LEVEL = "-O";
				VALIDATE_PRODUCT = YES;
			};
			name = Release;
		};
		C24A41AB248A9EBF00B93834 /* Debug */ = {
			isa = XCBuildConfiguration;
			buildSettings = {
				ASSETCATALOG_COMPILER_APPICON_NAME = AppIcon;
				CODE_SIGN_STYLE = Automatic;
				DEVELOPMENT_ASSET_PATHS = "\"WorkOut/Preview Content\"";
				DEVELOPMENT_TEAM = DC5B64GRS6;
				ENABLE_PREVIEWS = YES;
				INFOPLIST_FILE = WorkOut/Info.plist;
				LD_RUNPATH_SEARCH_PATHS = (
					"$(inherited)",
					"@executable_path/Frameworks",
				);
				PRODUCT_BUNDLE_IDENTIFIER = com.vanessa.WorkOut;
				PRODUCT_NAME = "$(TARGET_NAME)";
				SWIFT_VERSION = 5.0;
				TARGETED_DEVICE_FAMILY = "1,2";
			};
			name = Debug;
		};
		C24A41AC248A9EBF00B93834 /* Release */ = {
			isa = XCBuildConfiguration;
			buildSettings = {
				ASSETCATALOG_COMPILER_APPICON_NAME = AppIcon;
				CODE_SIGN_STYLE = Automatic;
				DEVELOPMENT_ASSET_PATHS = "\"WorkOut/Preview Content\"";
				DEVELOPMENT_TEAM = DC5B64GRS6;
				ENABLE_PREVIEWS = YES;
				INFOPLIST_FILE = WorkOut/Info.plist;
				LD_RUNPATH_SEARCH_PATHS = (
					"$(inherited)",
					"@executable_path/Frameworks",
				);
				PRODUCT_BUNDLE_IDENTIFIER = com.vanessa.WorkOut;
				PRODUCT_NAME = "$(TARGET_NAME)";
				SWIFT_VERSION = 5.0;
				TARGETED_DEVICE_FAMILY = "1,2";
			};
			name = Release;
		};
/* End XCBuildConfiguration section */

/* Begin XCConfigurationList section */
		C24A418E248A9EBC00B93834 /* Build configuration list for PBXProject "WorkOut" */ = {
			isa = XCConfigurationList;
			buildConfigurations = (
				C24A41A8248A9EBF00B93834 /* Debug */,
				C24A41A9248A9EBF00B93834 /* Release */,
			);
			defaultConfigurationIsVisible = 0;
			defaultConfigurationName = Release;
		};
		C24A41AA248A9EBF00B93834 /* Build configuration list for PBXNativeTarget "WorkOut" */ = {
			isa = XCConfigurationList;
			buildConfigurations = (
				C24A41AB248A9EBF00B93834 /* Debug */,
				C24A41AC248A9EBF00B93834 /* Release */,
			);
			defaultConfigurationIsVisible = 0;
			defaultConfigurationName = Release;
		};
/* End XCConfigurationList section */

/* Begin XCVersionGroup section */
		C24A419A248A9EBD00B93834 /* WorkOut.xcdatamodeld */ = {
			isa = XCVersionGroup;
			children = (
				C24A419B248A9EBD00B93834 /* WorkOut.xcdatamodel */,
			);
			currentVersion = C24A419B248A9EBD00B93834 /* WorkOut.xcdatamodel */;
			path = WorkOut.xcdatamodeld;
			sourceTree = "<group>";
			versionGroupType = wrapper.xcdatamodel;
		};
/* End XCVersionGroup section */
	};
	rootObject = C24A418B248A9EBC00B93834 /* Project object */;
}
